{
  "object": {
    "pins": [
      {
        "package": "Bluetooth",
        "repositoryURL": "https://github.com/ComputeCycles/Bluetooth",
        "state": {
          "branch": "swift5",
          "revision": "b58c1f49d9fc83cdc421d2896101250fb0e800a3",
          "version": null
        }
      },
      {
        "package": "BluetoothDarwin",
        "repositoryURL": "https://github.com/ComputeCycles/BluetoothDarwin",
        "state": {
          "branch": "swift5",
          "revision": "cc3b537fd861f2eb02a85ee8174a34f85723f64d",
          "version": null
        }
      }
    ]
  },
  "version": 1
}
